github.com/corbym/gocrest v1.0.5 h1:6FUvLjKkKQ2hwMel8OKIZqN3slYEOHIFY9+lVaroFnU=
github.com/corbym/gocrest v1.0.5/go.mod h1:lF3xBPnOU5DYDpa/vUq63SMxUhd5UAwGgmA8Z2pJ/Tk=
github.com/mattn/go-sqlite3 v1.14.16 h1:yOQRA0RpS5PFz/oikGwBEqvAWhWg5ufRz4ETLjwpU1Y=
github.com/mattn/go-sqlite3 v1.14.16/go.mod h1:2eHXhiwb8IkHr+BDWZGa96P6+rkvnG63S2DGjv9HUNg=
